// !$*UTF8*$!
{
	archiveVersion = 1;
	classes = {
	};
	objectVersion = 55;
	objects = {

/* Begin PBXBuildFile section */
		7740A3872941C0990031605B /* AppDelegate.swift in Sources */ = {isa = PBXBuildFile; fileRef = 7740A3862941C0990031605B /* AppDelegate.swift */; };
		7740A3902941C09F0031605B /* Assets.xcassets in Resources */ = {isa = PBXBuildFile; fileRef = 7740A38F2941C09F0031605B /* Assets.xcassets */; };
		7740A3932941C09F0031605B /* LaunchScreen.storyboard in Resources */ = {isa = PBXBuildFile; fileRef = 7740A3912941C09F0031605B /* LaunchScreen.storyboard */; };
		7740A39E2941C09F0031605B /* NYC_SchoolsTests.swift in Sources */ = {isa = PBXBuildFile; fileRef = 7740A39D2941C09F0031605B /* NYC_SchoolsTests.swift */; };
		7740A3A82941C09F0031605B /* NYC_SchoolsUITests.swift in Sources */ = {isa = PBXBuildFile; fileRef = 7740A3A72941C09F0031605B /* NYC_SchoolsUITests.swift */; };
		7740A3AA2941C09F0031605B /* NYC_SchoolsUITestsLaunchTests.swift in Sources */ = {isa = PBXBuildFile; fileRef = 7740A3A92941C09F0031605B /* NYC_SchoolsUITestsLaunchTests.swift */; };
		7740A3B72941C24B0031605B /* AppCoordinator.swift in Sources */ = {isa = PBXBuildFile; fileRef = 7740A3B62941C24B0031605B /* AppCoordinator.swift */; };
		7740A3BB2941C33C0031605B /* NYCSchoolListViewController.swift in Sources */ = {isa = PBXBuildFile; fileRef = 7740A3BA2941C33C0031605B /* NYCSchoolListViewController.swift */; };
		7740A3BE2941C4800031605B /* School.swift in Sources */ = {isa = PBXBuildFile; fileRef = 7740A3BD2941C4800031605B /* School.swift */; };
		7740A3C12941C4CA0031605B /* SchoolListManager.swift in Sources */ = {isa = PBXBuildFile; fileRef = 7740A3C02941C4CA0031605B /* SchoolListManager.swift */; };
		7740A3C42941C5500031605B /* WebService.swift in Sources */ = {isa = PBXBuildFile; fileRef = 7740A3C32941C5500031605B /* WebService.swift */; };
		7740A3C62941C57A0031605B /* ErrorType.swift in Sources */ = {isa = PBXBuildFile; fileRef = 7740A3C52941C57A0031605B /* ErrorType.swift */; };
		7740A3C82941C7C70031605B /* NYCSchoolListService.swift in Sources */ = {isa = PBXBuildFile; fileRef = 7740A3C72941C7C70031605B /* NYCSchoolListService.swift */; };
		7740A3CA2941C9120031605B /* NYSSchoolSATService.swift in Sources */ = {isa = PBXBuildFile; fileRef = 7740A3C92941C9120031605B /* NYSSchoolSATService.swift */; };
		7740A3CE2941D55D0031605B /* SchoolTableViewCell.swift in Sources */ = {isa = PBXBuildFile; fileRef = 7740A3CD2941D55D0031605B /* SchoolTableViewCell.swift */; };
		7740A3D1294308550031605B /* NYCSchoolDetailViewController.swift in Sources */ = {isa = PBXBuildFile; fileRef = 7740A3D0294308550031605B /* NYCSchoolDetailViewController.swift */; };
		7740A3D4294410C10031605B /* CustomViews.swift in Sources */ = {isa = PBXBuildFile; fileRef = 7740A3D3294410C10031605B /* CustomViews.swift */; };
/* End PBXBuildFile section */

/* Begin PBXContainerItemProxy section */
		7740A39A2941C09F0031605B /* PBXContainerItemProxy */ = {
			isa = PBXContainerItemProxy;
			containerPortal = 7740A37B2941C0990031605B /* Project object */;
			proxyType = 1;
			remoteGlobalIDString = 7740A3822941C0990031605B;
			remoteInfo = "NYC Schools";
		};
		7740A3A42941C09F0031605B /* PBXContainerItemProxy */ = {
			isa = PBXContainerItemProxy;
			containerPortal = 7740A37B2941C0990031605B /* Project object */;
			proxyType = 1;
			remoteGlobalIDString = 7740A3822941C0990031605B;
			remoteInfo = "NYC Schools";
		};
/* End PBXContainerItemProxy section */

/* Begin PBXFileReference section */
		7740A3832941C0990031605B /* NYC Schools.app */ = {isa = PBXFileReference; explicitFileType = wrapper.application; includeInIndex = 0; path = "NYC Schools.app"; sourceTree = BUILT_PRODUCTS_DIR; };
		7740A3862941C0990031605B /* AppDelegate.swift */ = {isa = PBXFileReference; lastKnownFileType = sourcecode.swift; path = AppDelegate.swift; sourceTree = "<group>"; };
		7740A38F2941C09F0031605B /* Assets.xcassets */ = {isa = PBXFileReference; lastKnownFileType = folder.assetcatalog; path = Assets.xcassets; sourceTree = "<group>"; };
		7740A3922941C09F0031605B /* Base */ = {isa = PBXFileReference; lastKnownFileType = file.storyboard; name = Base; path = Base.lproj/LaunchScreen.storyboard; sourceTree = "<group>"; };
		7740A3942941C09F0031605B /* Info.plist */ = {isa = PBXFileReference; lastKnownFileType = text.plist.xml; path = Info.plist; sourceTree = "<group>"; };
		7740A3992941C09F0031605B /* NYC SchoolsTests.xctest */ = {isa = PBXFileReference; explicitFileType = wrapper.cfbundle; includeInIndex = 0; path = "NYC SchoolsTests.xctest"; sourceTree = BUILT_PRODUCTS_DIR; };
		7740A39D2941C09F0031605B /* NYC_SchoolsTests.swift */ = {isa = PBXFileReference; lastKnownFileType = sourcecode.swift; path = NYC_SchoolsTests.swift; sourceTree = "<group>"; };
		7740A3A32941C09F0031605B /* NYC SchoolsUITests.xctest */ = {isa = PBXFileReference; explicitFileType = wrapper.cfbundle; includeInIndex = 0; path = "NYC SchoolsUITests.xctest"; sourceTree = BUILT_PRODUCTS_DIR; };
		7740A3A72941C09F0031605B /* NYC_SchoolsUITests.swift */ = {isa = PBXFileReference; lastKnownFileType = sourcecode.swift; path = NYC_SchoolsUITests.swift; sourceTree = "<group>"; };
		7740A3A92941C09F0031605B /* NYC_SchoolsUITestsLaunchTests.swift */ = {isa = PBXFileReference; lastKnownFileType = sourcecode.swift; path = NYC_SchoolsUITestsLaunchTests.swift; sourceTree = "<group>"; };
		7740A3B62941C24B0031605B /* AppCoordinator.swift */ = {isa = PBXFileReference; lastKnownFileType = sourcecode.swift; path = AppCoordinator.swift; sourceTree = "<group>"; };
		7740A3BA2941C33C0031605B /* NYCSchoolListViewController.swift */ = {isa = PBXFileReference; lastKnownFileType = sourcecode.swift; path = NYCSchoolListViewController.swift; sourceTree = "<group>"; };
		7740A3BD2941C4800031605B /* School.swift */ = {isa = PBXFileReference; lastKnownFileType = sourcecode.swift; path = School.swift; sourceTree = "<group>"; };
		7740A3C02941C4CA0031605B /* SchoolListManager.swift */ = {isa = PBXFileReference; lastKnownFileType = sourcecode.swift; path = SchoolListManager.swift; sourceTree = "<group>"; };
		7740A3C32941C5500031605B /* WebService.swift */ = {isa = PBXFileReference; lastKnownFileType = sourcecode.swift; path = WebService.swift; sourceTree = "<group>"; };
		7740A3C52941C57A0031605B /* ErrorType.swift */ = {isa = PBXFileReference; lastKnownFileType = sourcecode.swift; path = ErrorType.swift; sourceTree = "<group>"; };
		7740A3C72941C7C70031605B /* NYCSchoolListService.swift */ = {isa = PBXFileReference; lastKnownFileType = sourcecode.swift; path = NYCSchoolListService.swift; sourceTree = "<group>"; };
		7740A3C92941C9120031605B /* NYSSchoolSATService.swift */ = {isa = PBXFileReference; lastKnownFileType = sourcecode.swift; path = NYSSchoolSATService.swift; sourceTree = "<group>"; };
		7740A3CD2941D55D0031605B /* SchoolTableViewCell.swift */ = {isa = PBXFileReference; lastKnownFileType = sourcecode.swift; path = SchoolTableViewCell.swift; sourceTree = "<group>"; };
		7740A3D0294308550031605B /* NYCSchoolDetailViewController.swift */ = {isa = PBXFileReference; lastKnownFileType = sourcecode.swift; path = NYCSchoolDetailViewController.swift; sourceTree = "<group>"; };
		7740A3D3294410C10031605B /* CustomViews.swift */ = {isa = PBXFileReference; lastKnownFileType = sourcecode.swift; path = CustomViews.swift; sourceTree = "<group>"; };
/* End PBXFileReference section */

/* Begin PBXFrameworksBuildPhase section */
		7740A3802941C0990031605B /* Frameworks */ = {
			isa = PBXFrameworksBuildPhase;
			buildActionMask = 2147483647;
			files = (
			);
			runOnlyForDeploymentPostprocessing = 0;
		};
		7740A3962941C09F0031605B /* Frameworks */ = {
			isa = PBXFrameworksBuildPhase;
			buildActionMask = 2147483647;
			files = (
			);
			runOnlyForDeploymentPostprocessing = 0;
		};
		7740A3A02941C09F0031605B /* Frameworks */ = {
			isa = PBXFrameworksBuildPhase;
			buildActionMask = 2147483647;
			files = (
			);
			runOnlyForDeploymentPostprocessing = 0;
		};
/* End PBXFrameworksBuildPhase section */

/* Begin PBXGroup section */
		7740A37A2941C0990031605B = {
			isa = PBXGroup;
			children = (
				7740A3852941C0990031605B /* NYC Schools */,
				7740A39C2941C09F0031605B /* NYC SchoolsTests */,
				7740A3A62941C09F0031605B /* NYC SchoolsUITests */,
				7740A3842941C0990031605B /* Products */,
			);
			sourceTree = "<group>";
		};
		7740A3842941C0990031605B /* Products */ = {
			isa = PBXGroup;
			children = (
				7740A3832941C0990031605B /* NYC Schools.app */,
				7740A3992941C09F0031605B /* NYC SchoolsTests.xctest */,
				7740A3A32941C09F0031605B /* NYC SchoolsUITests.xctest */,
			);
			name = Products;
			sourceTree = "<group>";
		};
		7740A3852941C0990031605B /* NYC Schools */ = {
			isa = PBXGroup;
			children = (
				7740A3D2294410A10031605B /* Util */,
				7740A3BF2941C4A20031605B /* Manager */,
				7740A3BC2941C45E0031605B /* Models */,
				7740A3C22941C5270031605B /* Services */,
				7740A3B82941C2EA0031605B /* ViewController */,
				7740A3B62941C24B0031605B /* AppCoordinator.swift */,
				7740A3862941C0990031605B /* AppDelegate.swift */,
				7740A38F2941C09F0031605B /* Assets.xcassets */,
				7740A3942941C09F0031605B /* Info.plist */,
				7740A3912941C09F0031605B /* LaunchScreen.storyboard */,
			);
			path = "NYC Schools";
			sourceTree = "<group>";
		};
		7740A39C2941C09F0031605B /* NYC SchoolsTests */ = {
			isa = PBXGroup;
			children = (
				7740A39D2941C09F0031605B /* NYC_SchoolsTests.swift */,
			);
			path = "NYC SchoolsTests";
			sourceTree = "<group>";
		};
		7740A3A62941C09F0031605B /* NYC SchoolsUITests */ = {
			isa = PBXGroup;
			children = (
				7740A3A72941C09F0031605B /* NYC_SchoolsUITests.swift */,
				7740A3A92941C09F0031605B /* NYC_SchoolsUITestsLaunchTests.swift */,
			);
			path = "NYC SchoolsUITests";
			sourceTree = "<group>";
		};
		7740A3B82941C2EA0031605B /* ViewController */ = {
			isa = PBXGroup;
			children = (
				7740A3CF294307BA0031605B /* NYCSchoolDetailController */,
				7740A3B92941C3050031605B /* NYCSchoolListController */,
			);
			path = ViewController;
			sourceTree = "<group>";
		};
		7740A3B92941C3050031605B /* NYCSchoolListController */ = {
			isa = PBXGroup;
			children = (
				7740A3BA2941C33C0031605B /* NYCSchoolListViewController.swift */,
				7740A3CD2941D55D0031605B /* SchoolTableViewCell.swift */,
			);
			path = NYCSchoolListController;
			sourceTree = "<group>";
		};
		7740A3BC2941C45E0031605B /* Models */ = {
			isa = PBXGroup;
			children = (
				7740A3BD2941C4800031605B /* School.swift */,
			);
			path = Models;
			sourceTree = "<group>";
		};
		7740A3BF2941C4A20031605B /* Manager */ = {
			isa = PBXGroup;
			children = (
				7740A3C02941C4CA0031605B /* SchoolListManager.swift */,
			);
			path = Manager;
			sourceTree = "<group>";
		};
		7740A3C22941C5270031605B /* Services */ = {
			isa = PBXGroup;
			children = (
				7740A3C32941C5500031605B /* WebService.swift */,
				7740A3C52941C57A0031605B /* ErrorType.swift */,
				7740A3C72941C7C70031605B /* NYCSchoolListService.swift */,
				7740A3C92941C9120031605B /* NYSSchoolSATService.swift */,
			);
			path = Services;
			sourceTree = "<group>";
		};
		7740A3CF294307BA0031605B /* NYCSchoolDetailController */ = {
			isa = PBXGroup;
			children = (
				7740A3D0294308550031605B /* NYCSchoolDetailViewController.swift */,
			);
			path = NYCSchoolDetailController;
			sourceTree = "<group>";
		};
		7740A3D2294410A10031605B /* Util */ = {
			isa = PBXGroup;
			children = (
				7740A3D3294410C10031605B /* CustomViews.swift */,
			);
			path = Util;
			sourceTree = "<group>";
		};
/* End PBXGroup section */

/* Begin PBXNativeTarget section */
		7740A3822941C0990031605B /* NYC Schools */ = {
			isa = PBXNativeTarget;
			buildConfigurationList = 7740A3AD2941C09F0031605B /* Build configuration list for PBXNativeTarget "NYC Schools" */;
			buildPhases = (
				7740A37F2941C0990031605B /* Sources */,
				7740A3802941C0990031605B /* Frameworks */,
				7740A3812941C0990031605B /* Resources */,
			);
			buildRules = (
			);
			dependencies = (
			);
			name = "NYC Schools";
			productName = "NYC Schools";
			productReference = 7740A3832941C0990031605B /* NYC Schools.app */;
			productType = "com.apple.product-type.application";
		};
		7740A3982941C09F0031605B /* NYC SchoolsTests */ = {
			isa = PBXNativeTarget;
			buildConfigurationList = 7740A3B02941C09F0031605B /* Build configuration list for PBXNativeTarget "NYC SchoolsTests" */;
			buildPhases = (
				7740A3952941C09F0031605B /* Sources */,
				7740A3962941C09F0031605B /* Frameworks */,
				7740A3972941C09F0031605B /* Resources */,
			);
			buildRules = (
			);
			dependencies = (
				7740A39B2941C09F0031605B /* PBXTargetDependency */,
			);
			name = "NYC SchoolsTests";
			productName = "NYC SchoolsTests";
			productReference = 7740A3992941C09F0031605B /* NYC SchoolsTests.xctest */;
			productType = "com.apple.product-type.bundle.unit-test";
		};
		7740A3A22941C09F0031605B /* NYC SchoolsUITests */ = {
			isa = PBXNativeTarget;
			buildConfigurationList = 7740A3B32941C09F0031605B /* Build configuration list for PBXNativeTarget "NYC SchoolsUITests" */;
			buildPhases = (
				7740A39F2941C09F0031605B /* Sources */,
				7740A3A02941C09F0031605B /* Frameworks */,
				7740A3A12941C09F0031605B /* Resources */,
			);
			buildRules = (
			);
			dependencies = (
				7740A3A52941C09F0031605B /* PBXTargetDependency */,
			);
			name = "NYC SchoolsUITests";
			productName = "NYC SchoolsUITests";
			productReference = 7740A3A32941C09F0031605B /* NYC SchoolsUITests.xctest */;
			productType = "com.apple.product-type.bundle.ui-testing";
		};
/* End PBXNativeTarget section */

/* Begin PBXProject section */
		7740A37B2941C0990031605B /* Project object */ = {
			isa = PBXProject;
			attributes = {
				BuildIndependentTargetsInParallel = 1;
				LastSwiftUpdateCheck = 1320;
				LastUpgradeCheck = 1320;
				TargetAttributes = {
					7740A3822941C0990031605B = {
						CreatedOnToolsVersion = 13.2.1;
					};
					7740A3982941C09F0031605B = {
						CreatedOnToolsVersion = 13.2.1;
						TestTargetID = 7740A3822941C0990031605B;
					};
					7740A3A22941C09F0031605B = {
						CreatedOnToolsVersion = 13.2.1;
						TestTargetID = 7740A3822941C0990031605B;
					};
				};
			};
			buildConfigurationList = 7740A37E2941C0990031605B /* Build configuration list for PBXProject "NYC Schools" */;
			compatibilityVersion = "Xcode 13.0";
			developmentRegion = en;
			hasScannedForEncodings = 0;
			knownRegions = (
				en,
				Base,
			);
			mainGroup = 7740A37A2941C0990031605B;
			productRefGroup = 7740A3842941C0990031605B /* Products */;
			projectDirPath = "";
			projectRoot = "";
			targets = (
				7740A3822941C0990031605B /* NYC Schools */,
				7740A3982941C09F0031605B /* NYC SchoolsTests */,
				7740A3A22941C09F0031605B /* NYC SchoolsUITests */,
			);
		};
/* End PBXProject section */

/* Begin PBXResourcesBuildPhase section */
		7740A3812941C0990031605B /* Resources */ = {
			isa = PBXResourcesBuildPhase;
			buildActionMask = 2147483647;
			files = (
				7740A3932941C09F0031605B /* LaunchScreen.storyboard in Resources */,
				7740A3902941C09F0031605B /* Assets.xcassets in Resources */,
			);
			runOnlyForDeploymentPostprocessing = 0;
		};
		7740A3972941C09F0031605B /* Resources */ = {
			isa = PBXResourcesBuildPhase;
			buildActionMask = 2147483647;
			files = (
			);
			runOnlyForDeploymentPostprocessing = 0;
		};
		7740A3A12941C09F0031605B /* Resources */ = {
			isa = PBXResourcesBuildPhase;
			buildActionMask = 2147483647;
			files = (
			);
			runOnlyForDeploymentPostprocessing = 0;
		};
/* End PBXResourcesBuildPhase section */

/* Begin PBXSourcesBuildPhase section */
		7740A37F2941C0990031605B /* Sources */ = {
			isa = PBXSourcesBuildPhase;
			buildActionMask = 2147483647;
			files = (
				7740A3C42941C5500031605B /* WebService.swift in Sources */,
				7740A3C62941C57A0031605B /* ErrorType.swift in Sources */,
				7740A3B72941C24B0031605B /* AppCoordinator.swift in Sources */,
				7740A3C12941C4CA0031605B /* SchoolListManager.swift in Sources */,
				7740A3C82941C7C70031605B /* NYCSchoolListService.swift in Sources */,
				7740A3D1294308550031605B /* NYCSchoolDetailViewController.swift in Sources */,
				7740A3CE2941D55D0031605B /* SchoolTableViewCell.swift in Sources */,
				7740A3872941C0990031605B /* AppDelegate.swift in Sources */,
				7740A3BB2941C33C0031605B /* NYCSchoolListViewController.swift in Sources */,
				7740A3D4294410C10031605B /* CustomViews.swift in Sources */,
				7740A3BE2941C4800031605B /* School.swift in Sources */,
				7740A3CA2941C9120031605B /* NYSSchoolSATService.swift in Sources */,
			);
			runOnlyForDeploymentPostprocessing = 0;
		};
		7740A3952941C09F0031605B /* Sources */ = {
			isa = PBXSourcesBuildPhase;
			buildActionMask = 2147483647;
			files = (
				7740A39E2941C09F0031605B /* NYC_SchoolsTests.swift in Sources */,
			);
			runOnlyForDeploymentPostprocessing = 0;
		};
		7740A39F2941C09F0031605B /* Sources */ = {
			isa = PBXSourcesBuildPhase;
			buildActionMask = 2147483647;
			files = (
				7740A3A82941C09F0031605B /* NYC_SchoolsUITests.swift in Sources */,
				7740A3AA2941C09F0031605B /* NYC_SchoolsUITestsLaunchTests.swift in Sources */,
			);
			runOnlyForDeploymentPostprocessing = 0;
		};
/* End PBXSourcesBuildPhase section */

/* Begin PBXTargetDependency section */
		7740A39B2941C09F0031605B /* PBXTargetDependency */ = {
			isa = PBXTargetDependency;
			target = 7740A3822941C0990031605B /* NYC Schools */;
			targetProxy = 7740A39A2941C09F0031605B /* PBXContainerItemProxy */;
		};
		7740A3A52941C09F0031605B /* PBXTargetDependency */ = {
			isa = PBXTargetDependency;
			target = 7740A3822941C0990031605B /* NYC Schools */;
			targetProxy = 7740A3A42941C09F0031605B /* PBXContainerItemProxy */;
		};
/* End PBXTargetDependency section */

/* Begin PBXVariantGroup section */
		7740A3912941C09F0031605B /* LaunchScreen.storyboard */ = {
			isa = PBXVariantGroup;
			children = (
				7740A3922941C09F0031605B /* Base */,
			);
			name = LaunchScreen.storyboard;
			sourceTree = "<group>";
		};
/* End PBXVariantGroup section */

/* Begin XCBuildConfiguration section */
		7740A3AB2941C09F0031605B /* Debug */ = {
			isa = XCBuildConfiguration;
			buildSettings = {
				ALWAYS_SEARCH_USER_PATHS = NO;
				CLANG_ANALYZER_NONNULL = YES;
				CLANG_ANALYZER_NUMBER_OBJECT_CONVERSION = YES_AGGRESSIVE;
				CLANG_CXX_LANGUAGE_STANDARD = "gnu++17";
				CLANG_CXX_LIBRARY = "libc++";
				CLANG_ENABLE_MODULES = YES;
				CLANG_ENABLE_OBJC_ARC = YES;
				CLANG_ENABLE_OBJC_WEAK = YES;
				CLANG_WARN_BLOCK_CAPTURE_AUTORELEASING = YES;
				CLANG_WARN_BOOL_CONVERSION = YES;
				CLANG_WARN_COMMA = YES;
				CLANG_WARN_CONSTANT_CONVERSION = YES;
				CLANG_WARN_DEPRECATED_OBJC_IMPLEMENTATIONS = YES;
				CLANG_WARN_DIRECT_OBJC_ISA_USAGE = YES_ERROR;
				CLANG_WARN_DOCUMENTATION_COMMENTS = YES;
				CLANG_WARN_EMPTY_BODY = YES;
				CLANG_WARN_ENUM_CONVERSION = YES;
				CLANG_WARN_INFINITE_RECURSION = YES;
				CLANG_WARN_INT_CONVERSION = YES;
				CLANG_WARN_NON_LITERAL_NULL_CONVERSION = YES;
				CLANG_WARN_OBJC_IMPLICIT_RETAIN_SELF = YES;
				CLANG_WARN_OBJC_LITERAL_CONVERSION = YES;
				CLANG_WARN_OBJC_ROOT_CLASS = YES_ERROR;
				CLANG_WARN_QUOTED_INCLUDE_IN_FRAMEWORK_HEADER = YES;
				CLANG_WARN_RANGE_LOOP_ANALYSIS = YES;
				CLANG_WARN_STRICT_PROTOTYPES = YES;
				CLANG_WARN_SUSPICIOUS_MOVE = YES;
				CLANG_WARN_UNGUARDED_AVAILABILITY = YES_AGGRESSIVE;
				CLANG_WARN_UNREACHABLE_CODE = YES;
				CLANG_WARN__DUPLICATE_METHOD_MATCH = YES;
				COPY_PHASE_STRIP = NO;
				DEBUG_INFORMATION_FORMAT = dwarf;
				ENABLE_STRICT_OBJC_MSGSEND = YES;
				ENABLE_TESTABILITY = YES;
				GCC_C_LANGUAGE_STANDARD = gnu11;
				GCC_DYNAMIC_NO_PIC = NO;
				GCC_NO_COMMON_BLOCKS = YES;
				GCC_OPTIMIZATION_LEVEL = 0;
				GCC_PREPROCESSOR_DEFINITIONS = (
					"DEBUG=1",
					"$(inherited)",
				);
				GCC_WARN_64_TO_32_BIT_CONVERSION = YES;
				GCC_WARN_ABOUT_RETURN_TYPE = YES_ERROR;
				GCC_WARN_UNDECLARED_SELECTOR = YES;
				GCC_WARN_UNINITIALIZED_AUTOS = YES_AGGRESSIVE;
				GCC_WARN_UNUSED_FUNCTION = YES;
				GCC_WARN_UNUSED_VARIABLE = YES;
				IPHONEOS_DEPLOYMENT_TARGET = 15.2;
				MTL_ENABLE_DEBUG_INFO = INCLUDE_SOURCE;
				MTL_FAST_MATH = YES;
				ONLY_ACTIVE_ARCH = YES;
				SDKROOT = iphoneos;
				SWIFT_ACTIVE_COMPILATION_CONDITIONS = DEBUG;
				SWIFT_OPTIMIZATION_LEVEL = "-Onone";
			};
			name = Debug;
		};
		7740A3AC2941C09F0031605B /* Release */ = {
			isa = XCBuildConfiguration;
			buildSettings = {
				ALWAYS_SEARCH_USER_PATHS = NO;
				CLANG_ANALYZER_NONNULL = YES;
				CLANG_ANALYZER_NUMBER_OBJECT_CONVERSION = YES_AGGRESSIVE;
				CLANG_CXX_LANGUAGE_STANDARD = "gnu++17";
				CLANG_CXX_LIBRARY = "libc++";
				CLANG_ENABLE_MODULES = YES;
				CLANG_ENABLE_OBJC_ARC = YES;
				CLANG_ENABLE_OBJC_WEAK = YES;
				CLANG_WARN_BLOCK_CAPTURE_AUTORELEASING = YES;
				CLANG_WARN_BOOL_CONVERSION = YES;
				CLANG_WARN_COMMA = YES;
				CLANG_WARN_CONSTANT_CONVERSION = YES;
				CLANG_WARN_DEPRECATED_OBJC_IMPLEMENTATIONS = YES;
				CLANG_WARN_DIRECT_OBJC_ISA_USAGE = YES_ERROR;
				CLANG_WARN_DOCUMENTATION_COMMENTS = YES;
				CLANG_WARN_EMPTY_BODY = YES;
				CLANG_WARN_ENUM_CONVERSION = YES;
				CLANG_WARN_INFINITE_RECURSION = YES;
				CLANG_WARN_INT_CONVERSION = YES;
				CLANG_WARN_NON_LITERAL_NULL_CONVERSION = YES;
				CLANG_WARN_OBJC_IMPLICIT_RETAIN_SELF = YES;
				CLANG_WARN_OBJC_LITERAL_CONVERSION = YES;
				CLANG_WARN_OBJC_ROOT_CLASS = YES_ERROR;
				CLANG_WARN_QUOTED_INCLUDE_IN_FRAMEWORK_HEADER = YES;
				CLANG_WARN_RANGE_LOOP_ANALYSIS = YES;
				CLANG_WARN_STRICT_PROTOTYPES = YES;
				CLANG_WARN_SUSPICIOUS_MOVE = YES;
				CLANG_WARN_UNGUARDED_AVAILABILITY = YES_AGGRESSIVE;
				CLANG_WARN_UNREACHABLE_CODE = YES;
				CLANG_WARN__DUPLICATE_METHOD_MATCH = YES;
				COPY_PHASE_STRIP = NO;
				DEBUG_INFORMATION_FORMAT = "dwarf-with-dsym";
				ENABLE_NS_ASSERTIONS = NO;
				ENABLE_STRICT_OBJC_MSGSEND = YES;
				GCC_C_LANGUAGE_STANDARD = gnu11;
				GCC_NO_COMMON_BLOCKS = YES;
				GCC_WARN_64_TO_32_BIT_CONVERSION = YES;
				GCC_WARN_ABOUT_RETURN_TYPE = YES_ERROR;
				GCC_WARN_UNDECLARED_SELECTOR = YES;
				GCC_WARN_UNINITIALIZED_AUTOS = YES_AGGRESSIVE;
				GCC_WARN_UNUSED_FUNCTION = YES;
				GCC_WARN_UNUSED_VARIABLE = YES;
				IPHONEOS_DEPLOYMENT_TARGET = 15.2;
				MTL_ENABLE_DEBUG_INFO = NO;
				MTL_FAST_MATH = YES;
				SDKROOT = iphoneos;
				SWIFT_COMPILATION_MODE = wholemodule;
				SWIFT_OPTIMIZATION_LEVEL = "-O";
				VALIDATE_PRODUCT = YES;
			};
			name = Release;
		};
		7740A3AE2941C09F0031605B /* Debug */ = {
			isa = XCBuildConfiguration;
			buildSettings = {
				ASSETCATALOG_COMPILER_APPICON_NAME = AppIcon;
				ASSETCATALOG_COMPILER_GLOBAL_ACCENT_COLOR_NAME = AccentColor;
				CODE_SIGN_STYLE = Automatic;
				CURRENT_PROJECT_VERSION = 1;
				GENERATE_INFOPLIST_FILE = YES;
				INFOPLIST_FILE = "NYC Schools/Info.plist";
				INFOPLIST_KEY_UIApplicationSupportsIndirectInputEvents = YES;
				INFOPLIST_KEY_UILaunchStoryboardName = LaunchScreen;
				INFOPLIST_KEY_UISupportedInterfaceOrientations_iPad = "UIInterfaceOrientationPortrait UIInterfaceOrientationPortraitUpsideDown UIInterfaceOrientationLandscapeLeft UIInterfaceOrientationLandscapeRight";
				INFOPLIST_KEY_UISupportedInterfaceOrientations_iPhone = "UIInterfaceOrientationPortrait UIInterfaceOrientationLandscapeLeft UIInterfaceOrientationLandscapeRight";
				LD_RUNPATH_SEARCH_PATHS = (
					"$(inherited)",
					"@executable_path/Frameworks",
				);
				MARKETING_VERSION = 1.0;
				PRODUCT_BUNDLE_IDENTIFIER = "com.mayur.NYC-Schools";
				PRODUCT_NAME = "$(TARGET_NAME)";
				SWIFT_EMIT_LOC_STRINGS = YES;
				SWIFT_VERSION = 5.0;
				TARGETED_DEVICE_FAMILY = "1,2";
			};
			name = Debug;
		};
		7740A3AF2941C09F0031605B /* Release */ = {
			isa = XCBuildConfiguration;
			buildSettings = {
				ASSETCATALOG_COMPILER_APPICON_NAME = AppIcon;
				ASSETCATALOG_COMPILER_GLOBAL_ACCENT_COLOR_NAME = AccentColor;
				CODE_SIGN_STYLE = Automatic;
				CURRENT_PROJECT_VERSION = 1;
				GENERATE_INFOPLIST_FILE = YES;
				INFOPLIST_FILE = "NYC Schools/Info.plist";
				INFOPLIST_KEY_UIApplicationSupportsIndirectInputEvents = YES;
				INFOPLIST_KEY_UILaunchStoryboardName = LaunchScreen;
				INFOPLIST_KEY_UISupportedInterfaceOrientations_iPad = "UIInterfaceOrientationPortrait UIInterfaceOrientationPortraitUpsideDown UIInterfaceOrientationLandscapeLeft UIInterfaceOrientationLandscapeRight";
				INFOPLIST_KEY_UISupportedInterfaceOrientations_iPhone = "UIInterfaceOrientationPortrait UIInterfaceOrientationLandscapeLeft UIInterfaceOrientationLandscapeRight";
				LD_RUNPATH_SEARCH_PATHS = (
					"$(inherited)",
					"@executable_path/Frameworks",
				);
				MARKETING_VERSION = 1.0;
				PRODUCT_BUNDLE_IDENTIFIER = "com.mayur.NYC-Schools";
				PRODUCT_NAME = "$(TARGET_NAME)";
				SWIFT_EMIT_LOC_STRINGS = YES;
				SWIFT_VERSION = 5.0;
				TARGETED_DEVICE_FAMILY = "1,2";
			};
			name = Release;
		};
		7740A3B12941C09F0031605B /* Debug */ = {
			isa = XCBuildConfiguration;
			buildSettings = {
				ALWAYS_EMBED_SWIFT_STANDARD_LIBRARIES = YES;
				BUNDLE_LOADER = "$(TEST_HOST)";
				CODE_SIGN_STYLE = Automatic;
				CURRENT_PROJECT_VERSION = 1;
				GENERATE_INFOPLIST_FILE = YES;
				IPHONEOS_DEPLOYMENT_TARGET = 15.2;
				MARKETING_VERSION = 1.0;
				PRODUCT_BUNDLE_IDENTIFIER = "com.mayur.NYC-SchoolsTests";
				PRODUCT_NAME = "$(TARGET_NAME)";
				SWIFT_EMIT_LOC_STRINGS = NO;
				SWIFT_VERSION = 5.0;
				TARGETED_DEVICE_FAMILY = "1,2";
				TEST_HOST = "$(BUILT_PRODUCTS_DIR)/NYC Schools.app/NYC Schools";
			};
			name = Debug;
		};
		7740A3B22941C09F0031605B /* Release */ = {
			isa = XCBuildConfiguration;
			buildSettings = {
				ALWAYS_EMBED_SWIFT_STANDARD_LIBRARIES = YES;
				BUNDLE_LOADER = "$(TEST_HOST)";
				CODE_SIGN_STYLE = Automatic;
				CURRENT_PROJECT_VERSION = 1;
				GENERATE_INFOPLIST_FILE = YES;
				IPHONEOS_DEPLOYMENT_TARGET = 15.2;
				MARKETING_VERSION = 1.0;
				PRODUCT_BUNDLE_IDENTIFIER = "com.mayur.NYC-SchoolsTests";
				PRODUCT_NAME = "$(TARGET_NAME)";
				SWIFT_EMIT_LOC_STRINGS = NO;
				SWIFT_VERSION = 5.0;
				TARGETED_DEVICE_FAMILY = "1,2";
				TEST_HOST = "$(BUILT_PRODUCTS_DIR)/NYC Schools.app/NYC Schools";
			};
			name = Release;
		};
		7740A3B42941C09F0031605B /* Debug */ = {
			isa = XCBuildConfiguration;
			buildSettings = {
				ALWAYS_EMBED_SWIFT_STANDARD_LIBRARIES = YES;
				CODE_SIGN_STYLE = Automatic;
				CURRENT_PROJECT_VERSION = 1;
				GENERATE_INFOPLIST_FILE = YES;
				MARKETING_VERSION = 1.0;
				PRODUCT_BUNDLE_IDENTIFIER = "com.mayur.NYC-SchoolsUITests";
				PRODUCT_NAME = "$(TARGET_NAME)";
				SWIFT_EMIT_LOC_STRINGS = NO;
				SWIFT_VERSION = 5.0;
				TARGETED_DEVICE_FAMILY = "1,2";
				TEST_TARGET_NAME = "NYC Schools";
			};
			name = Debug;
		};
		7740A3B52941C09F0031605B /* Release */ = {
			isa = XCBuildConfiguration;
			buildSettings = {
				ALWAYS_EMBED_SWIFT_STANDARD_LIBRARIES = YES;
				CODE_SIGN_STYLE = Automatic;
				CURRENT_PROJECT_VERSION = 1;
				GENERATE_INFOPLIST_FILE = YES;
				MARKETING_VERSION = 1.0;
				PRODUCT_BUNDLE_IDENTIFIER = "com.mayur.NYC-SchoolsUITests";
				PRODUCT_NAME = "$(TARGET_NAME)";
				SWIFT_EMIT_LOC_STRINGS = NO;
				SWIFT_VERSION = 5.0;
				TARGETED_DEVICE_FAMILY = "1,2";
				TEST_TARGET_NAME = "NYC Schools";
			};
			name = Release;
		};
/* End XCBuildConfiguration section */

/* Begin XCConfigurationList section */
		7740A37E2941C0990031605B /* Build configuration list for PBXProject "NYC Schools" */ = {
			isa = XCConfigurationList;
			buildConfigurations = (
				7740A3AB2941C09F0031605B /* Debug */,
				7740A3AC2941C09F0031605B /* Release */,
			);
			defaultConfigurationIsVisible = 0;
			defaultConfigurationName = Release;
		};
		7740A3AD2941C09F0031605B /* Build configuration list for PBXNativeTarget "NYC Schools" */ = {
			isa = XCConfigurationList;
			buildConfigurations = (
				7740A3AE2941C09F0031605B /* Debug */,
				7740A3AF2941C09F0031605B /* Release */,
			);
			defaultConfigurationIsVisible = 0;
			defaultConfigurationName = Release;
		};
		7740A3B02941C09F0031605B /* Build configuration list for PBXNativeTarget "NYC SchoolsTests" */ = {
			isa = XCConfigurationList;
			buildConfigurations = (
				7740A3B12941C09F0031605B /* Debug */,
				7740A3B22941C09F0031605B /* Release */,
			);
			defaultConfigurationIsVisible = 0;
			defaultConfigurationName = Release;
		};
		7740A3B32941C09F0031605B /* Build configuration list for PBXNativeTarget "NYC SchoolsUITests" */ = {
			isa = XCConfigurationList;
			buildConfigurations = (
				7740A3B42941C09F0031605B /* Debug */,
				7740A3B52941C09F0031605B /* Release */,
			);
			defaultConfigurationIsVisible = 0;
			defaultConfigurationName = Release;
		};
/* End XCConfigurationList section */
	};
	rootObject = 7740A37B2941C0990031605B /* Project object */;
}
